
Microsoft Visual Studio Solution File, Format Version 12.00
Project("{FAE04EC0-301F-11D3-BF4B-00C04F79EFBC}") = "GeneralUtilities", "GeneralUtilities\GeneralUtilities.csproj", "{328A8E94-F9FB-4EA0-B6DB-B06CFAD9B4E9}"
EndProject
Project("{FAE04EC0-301F-11D3-BF4B-00C04F79EFBC}") = "gx000data", "gx000data\gx000data.csproj", "{BCAFEF1F-56AF-4CC4-AAB7-95362828F466}"
EndProject
Project("{FAE04EC0-301F-11D3-BF4B-00C04F79EFBC}") = "gx000touchpadUnitTests", "gx000touchpadUnitTests\gx000touchpadUnitTests.csproj", "{7E46AF65-8E3B-482B-90DB-4DA4A6395AF7}"
EndProject
Project("{FAE04EC0-301F-11D3-BF4B-00C04F79EFBC}") = "gx000server", "gx000server\gx000server.csproj", "{90470B44-3401-43FA-9B21-DE43C620998D}"
EndProject
Global
	GlobalSection(SolutionConfigurationPlatforms) = preSolution
		Debug|Any CPU = Debug|Any CPU
		Release|Any CPU = Release|Any CPU
	EndGlobalSection
	GlobalSection(ProjectConfigurationPlatforms) = postSolution
		{328A8E94-F9FB-4EA0-B6DB-B06CFAD9B4E9}.Debug|Any CPU.ActiveCfg = Debug|Any CPU
		{328A8E94-F9FB-4EA0-B6DB-B06CFAD9B4E9}.Debug|Any CPU.Build.0 = Debug|Any CPU
		{328A8E94-F9FB-4EA0-B6DB-B06CFAD9B4E9}.Release|Any CPU.ActiveCfg = Release|Any CPU
		{328A8E94-F9FB-4EA0-B6DB-B06CFAD9B4E9}.Release|Any CPU.Build.0 = Release|Any CPU
		{BCAFEF1F-56AF-4CC4-AAB7-95362828F466}.Debug|Any CPU.ActiveCfg = Debug|Any CPU
		{BCAFEF1F-56AF-4CC4-AAB7-95362828F466}.Debug|Any CPU.Build.0 = Debug|Any CPU
		{BCAFEF1F-56AF-4CC4-AAB7-95362828F466}.Release|Any CPU.ActiveCfg = Release|Any CPU
		{BCAFEF1F-56AF-4CC4-AAB7-95362828F466}.Release|Any CPU.Build.0 = Release|Any CPU
		{90470B44-3401-43FA-9B21-DE43C620998D}.Debug|Any CPU.ActiveCfg = Debug|Any CPU
		{90470B44-3401-43FA-9B21-DE43C620998D}.Debug|Any CPU.Build.0 = Debug|Any CPU
		{90470B44-3401-43FA-9B21-DE43C620998D}.Release|Any CPU.ActiveCfg = Release|Any CPU
		{90470B44-3401-43FA-9B21-DE43C620998D}.Release|Any CPU.Build.0 = Release|Any CPU
		{7E46AF65-8E3B-482B-90DB-4DA4A6395AF7}.Debug|Any CPU.ActiveCfg = Debug|Any CPU
		{7E46AF65-8E3B-482B-90DB-4DA4A6395AF7}.Debug|Any CPU.Build.0 = Debug|Any CPU
	EndGlobalSection
EndGlobal
